// !$*UTF8*$!
{
	archiveVersion = 1;
	classes = {
	};
	objectVersion = 50;
	objects = {

/* Begin PBXBuildFile section */
		A82A75B72566659A000DD963 /* AppDelegate.m in Sources */ = {isa = PBXBuildFile; fileRef = A82A75B62566659A000DD963 /* AppDelegate.m */; };
		A82A75C22566659C000DD963 /* Assets.xcassets in Resources */ = {isa = PBXBuildFile; fileRef = A82A75C12566659C000DD963 /* Assets.xcassets */; };
		A82A75C52566659C000DD963 /* LaunchScreen.storyboard in Resources */ = {isa = PBXBuildFile; fileRef = A82A75C32566659C000DD963 /* LaunchScreen.storyboard */; };
		A82A75C82566659C000DD963 /* main.m in Sources */ = {isa = PBXBuildFile; fileRef = A82A75C72566659C000DD963 /* main.m */; };
		A82A75D225666620000DD963 /* FATMainViewController.m in Sources */ = {isa = PBXBuildFile; fileRef = A82A75D125666620000DD963 /* FATMainViewController.m */; };
/* End PBXBuildFile section */

/* Begin PBXCopyFilesBuildPhase section */
		A82A75DA256667F8000DD963 /* CopyFiles */ = {
			isa = PBXCopyFilesBuildPhase;
			buildActionMask = 2147483647;
			dstPath = "";
			dstSubfolderSpec = 10;
			files = (
			);
			runOnlyForDeploymentPostprocessing = 0;
		};
/* End PBXCopyFilesBuildPhase section */

/* Begin PBXFileReference section */
		A82A75B22566659A000DD963 /* finclip_test_demo.app */ = {isa = PBXFileReference; explicitFileType = wrapper.application; includeInIndex = 0; path = finclip_test_demo.app; sourceTree = BUILT_PRODUCTS_DIR; };
		A82A75B52566659A000DD963 /* AppDelegate.h */ = {isa = PBXFileReference; lastKnownFileType = sourcecode.c.h; path = AppDelegate.h; sourceTree = "<group>"; };
		A82A75B62566659A000DD963 /* AppDelegate.m */ = {isa = PBXFileReference; lastKnownFileType = sourcecode.c.objc; path = AppDelegate.m; sourceTree = "<group>"; };
		A82A75C12566659C000DD963 /* Assets.xcassets */ = {isa = PBXFileReference; lastKnownFileType = folder.assetcatalog; path = Assets.xcassets; sourceTree = "<group>"; };
		A82A75C42566659C000DD963 /* Base */ = {isa = PBXFileReference; lastKnownFileType = file.storyboard; name = Base; path = Base.lproj/LaunchScreen.storyboard; sourceTree = "<group>"; };
		A82A75C62566659C000DD963 /* Info.plist */ = {isa = PBXFileReference; lastKnownFileType = text.plist.xml; path = Info.plist; sourceTree = "<group>"; };
		A82A75C72566659C000DD963 /* main.m */ = {isa = PBXFileReference; lastKnownFileType = sourcecode.c.objc; path = main.m; sourceTree = "<group>"; };
		A82A75D025666620000DD963 /* FATMainViewController.h */ = {isa = PBXFileReference; lastKnownFileType = sourcecode.c.h; path = FATMainViewController.h; sourceTree = "<group>"; };
		A82A75D125666620000DD963 /* FATMainViewController.m */ = {isa = PBXFileReference; lastKnownFileType = sourcecode.c.objc; path = FATMainViewController.m; sourceTree = "<group>"; };
/* End PBXFileReference section */

/* Begin PBXFrameworksBuildPhase section */
		A82A75AF2566659A000DD963 /* Frameworks */ = {
			isa = PBXFrameworksBuildPhase;
			buildActionMask = 2147483647;
			files = (
			);
			runOnlyForDeploymentPostprocessing = 0;
		};
/* End PBXFrameworksBuildPhase section */

/* Begin PBXGroup section */
		A82A75A92566659A000DD963 = {
			isa = PBXGroup;
			children = (
				A82A75B42566659A000DD963 /* finclip_test_demo */,
				A82A75B32566659A000DD963 /* Products */,
			);
			sourceTree = "<group>";
		};
		A82A75B32566659A000DD963 /* Products */ = {
			isa = PBXGroup;
			children = (
				A82A75B22566659A000DD963 /* finclip_test_demo.app */,
			);
			name = Products;
			sourceTree = "<group>";
		};
		A82A75B42566659A000DD963 /* finclip_test_demo */ = {
			isa = PBXGroup;
			children = (
				A847D49E25A1D18600BF0B3A /* Common */,
				A847D49225A1D0AC00BF0B3A /* Vendor */,
				A82A75B52566659A000DD963 /* AppDelegate.h */,
				A82A75B62566659A000DD963 /* AppDelegate.m */,
				A82A75D025666620000DD963 /* FATMainViewController.h */,
				A82A75D125666620000DD963 /* FATMainViewController.m */,
				A82A75C12566659C000DD963 /* Assets.xcassets */,
				A82A75C32566659C000DD963 /* LaunchScreen.storyboard */,
				A82A75C62566659C000DD963 /* Info.plist */,
				A82A75C72566659C000DD963 /* main.m */,
			);
			path = finclip_test_demo;
			sourceTree = "<group>";
		};
		A847D49225A1D0AC00BF0B3A /* Vendor */ = {
			isa = PBXGroup;
			children = (
				A847D49325A1D0B300BF0B3A /* FinApplet */,
			);
			path = Vendor;
			sourceTree = "<group>";
		};
		A847D49325A1D0B300BF0B3A /* FinApplet */ = {
			isa = PBXGroup;
			children = (
			);
			path = FinApplet;
			sourceTree = "<group>";
		};
		A847D49E25A1D18600BF0B3A /* Common */ = {
			isa = PBXGroup;
			children = (
			);
			path = Common;
			sourceTree = "<group>";
		};
/* End PBXGroup section */

/* Begin PBXNativeTarget section */
		A82A75B12566659A000DD963 /* finclip_test_demo */ = {
			isa = PBXNativeTarget;
			buildConfigurationList = A82A75CB2566659C000DD963 /* Build configuration list for PBXNativeTarget "finclip_test_demo" */;
			buildPhases = (
				A82A75AE2566659A000DD963 /* Sources */,
				A82A75AF2566659A000DD963 /* Frameworks */,
				A82A75B02566659A000DD963 /* Resources */,
				A82A75DA256667F8000DD963 /* CopyFiles */,
				A82A75EA2566802E000DD963 /* ShellScript */,
			);
			buildRules = (
			);
			dependencies = (
			);
			name = finclip_test_demo;
			productName = finclip_test_demo;
			productReference = A82A75B22566659A000DD963 /* finclip_test_demo.app */;
			productType = "com.apple.product-type.application";
		};
/* End PBXNativeTarget section */

/* Begin PBXProject section */
		A82A75AA2566659A000DD963 /* Project object */ = {
			isa = PBXProject;
			attributes = {
				LastUpgradeCheck = 1210;
				TargetAttributes = {
					A82A75B12566659A000DD963 = {
						CreatedOnToolsVersion = 12.1;
					};
				};
			};
			buildConfigurationList = A82A75AD2566659A000DD963 /* Build configuration list for PBXProject "finclip_test_demo" */;
			compatibilityVersion = "Xcode 9.3";
			developmentRegion = en;
			hasScannedForEncodings = 0;
			knownRegions = (
				en,
				Base,
			);
			mainGroup = A82A75A92566659A000DD963;
			productRefGroup = A82A75B32566659A000DD963 /* Products */;
			projectDirPath = "";
			projectRoot = "";
			targets = (
				A82A75B12566659A000DD963 /* finclip_test_demo */,
			);
		};
/* End PBXProject section */

/* Begin PBXResourcesBuildPhase section */
		A82A75B02566659A000DD963 /* Resources */ = {
			isa = PBXResourcesBuildPhase;
			buildActionMask = 2147483647;
			files = (
				A82A75C52566659C000DD963 /* LaunchScreen.storyboard in Resources */,
				A82A75C22566659C000DD963 /* Assets.xcassets in Resources */,
			);
			runOnlyForDeploymentPostprocessing = 0;
		};
/* End PBXResourcesBuildPhase section */

/* Begin PBXShellScriptBuildPhase section */
		A82A75EA2566802E000DD963 /* ShellScript */ = {
			isa = PBXShellScriptBuildPhase;
			buildActionMask = 2147483647;
			files = (
			);
			inputFileListPaths = (
			);
			inputPaths = (
			);
			outputFileListPaths = (
			);
			outputPaths = (
			);
			runOnlyForDeploymentPostprocessing = 0;
			shellPath = /bin/sh;
			shellScript = "#!/bin/sh\n\n# Strip invalid architectures\n\nstrip_invalid_archs() {\nbinary=\"$1\"\necho \"current binary ${binary}\"\n# Get architectures for current file\narchs=\"$(lipo -info \"$binary\" | rev | cut -d ':' -f1 | rev)\"\nstripped=\"\"\nfor arch in $archs; do\nif ! [[ \"${ARCHS}\" == *\"$arch\"* ]]; then\nif [ -f \"$binary\" ]; then\n# Strip non-valid architectures in-place\nlipo -remove \"$arch\" -output \"$binary\" \"$binary\" || exit 1\nstripped=\"$stripped $arch\"\nfi\nfi\ndone\nif [[ \"$stripped\" ]]; then\necho \"Stripped $binary of architectures:$stripped\"\nfi\n}\n\nAPP_PATH=\"${TARGET_BUILD_DIR}/${WRAPPER_NAME}\"\n\n# This script loops through the frameworks embedded in the application and\n# removes unused architectures.\nfind \"$APP_PATH\" -name '*.framework' -type d | while read -r FRAMEWORK\ndo\nFRAMEWORK_EXECUTABLE_NAME=$(defaults read \"$FRAMEWORK/Info.plist\" CFBundleExecutable)\nFRAMEWORK_EXECUTABLE_PATH=\"$FRAMEWORK/$FRAMEWORK_EXECUTABLE_NAME\"\necho \"Executable is $FRAMEWORK_EXECUTABLE_PATH\"\n\nstrip_invalid_archs \"$FRAMEWORK_EXECUTABLE_PATH\"\ndone\n\n";
		};
/* End PBXShellScriptBuildPhase section */

/* Begin PBXSourcesBuildPhase section */
		A82A75AE2566659A000DD963 /* Sources */ = {
			isa = PBXSourcesBuildPhase;
			buildActionMask = 2147483647;
			files = (
				A82A75D225666620000DD963 /* FATMainViewController.m in Sources */,
				A82A75B72566659A000DD963 /* AppDelegate.m in Sources */,
				A82A75C82566659C000DD963 /* main.m in Sources */,
			);
			runOnlyForDeploymentPostprocessing = 0;
		};
/* End PBXSourcesBuildPhase section */

/* Begin PBXVariantGroup section */
		A82A75C32566659C000DD963 /* LaunchScreen.storyboard */ = {
			isa = PBXVariantGroup;
			children = (
				A82A75C42566659C000DD963 /* Base */,
			);
			name = LaunchScreen.storyboard;
			sourceTree = "<group>";
		};
/* End PBXVariantGroup section */

/* Begin XCBuildConfiguration section */
		A82A75C92566659C000DD963 /* Debug */ = {
			isa = XCBuildConfiguration;
			buildSettings = {
				ALWAYS_SEARCH_USER_PATHS = NO;
				CLANG_ANALYZER_NONNULL = YES;
				CLANG_ANALYZER_NUMBER_OBJECT_CONVERSION = YES_AGGRESSIVE;
				CLANG_CXX_LANGUAGE_STANDARD = "gnu++14";
				CLANG_CXX_LIBRARY = "libc++";
				CLANG_ENABLE_MODULES = YES;
				CLANG_ENABLE_OBJC_ARC = YES;
				CLANG_ENABLE_OBJC_WEAK = YES;
				CLANG_WARN_BLOCK_CAPTURE_AUTORELEASING = YES;
				CLANG_WARN_BOOL_CONVERSION = YES;
				CLANG_WARN_COMMA = YES;
				CLANG_WARN_CONSTANT_CONVERSION = YES;
				CLANG_WARN_DEPRECATED_OBJC_IMPLEMENTATIONS = YES;
				CLANG_WARN_DIRECT_OBJC_ISA_USAGE = YES_ERROR;
				CLANG_WARN_DOCUMENTATION_COMMENTS = YES;
				CLANG_WARN_EMPTY_BODY = YES;
				CLANG_WARN_ENUM_CONVERSION = YES;
				CLANG_WARN_INFINITE_RECURSION = YES;
				CLANG_WARN_INT_CONVERSION = YES;
				CLANG_WARN_NON_LITERAL_NULL_CONVERSION = YES;
				CLANG_WARN_OBJC_IMPLICIT_RETAIN_SELF = YES;
				CLANG_WARN_OBJC_LITERAL_CONVERSION = YES;
				CLANG_WARN_OBJC_ROOT_CLASS = YES_ERROR;
				CLANG_WARN_QUOTED_INCLUDE_IN_FRAMEWORK_HEADER = YES;
				CLANG_WARN_RANGE_LOOP_ANALYSIS = YES;
				CLANG_WARN_STRICT_PROTOTYPES = YES;
				CLANG_WARN_SUSPICIOUS_MOVE = YES;
				CLANG_WARN_UNGUARDED_AVAILABILITY = YES_AGGRESSIVE;
				CLANG_WARN_UNREACHABLE_CODE = YES;
				CLANG_WARN__DUPLICATE_METHOD_MATCH = YES;
				COPY_PHASE_STRIP = NO;
				DEBUG_INFORMATION_FORMAT = dwarf;
				ENABLE_BITCODE = NO;
				ENABLE_STRICT_OBJC_MSGSEND = YES;
				ENABLE_TESTABILITY = YES;
				GCC_C_LANGUAGE_STANDARD = gnu11;
				GCC_DYNAMIC_NO_PIC = NO;
				GCC_NO_COMMON_BLOCKS = YES;
				GCC_OPTIMIZATION_LEVEL = 0;
				GCC_PREPROCESSOR_DEFINITIONS = (
					"DEBUG=1",
					"$(inherited)",
				);
				GCC_WARN_64_TO_32_BIT_CONVERSION = YES;
				GCC_WARN_ABOUT_RETURN_TYPE = YES_ERROR;
				GCC_WARN_UNDECLARED_SELECTOR = YES;
				GCC_WARN_UNINITIALIZED_AUTOS = YES_AGGRESSIVE;
				GCC_WARN_UNUSED_FUNCTION = YES;
				GCC_WARN_UNUSED_VARIABLE = YES;
				IPHONEOS_DEPLOYMENT_TARGET = 9.0;
				MTL_ENABLE_DEBUG_INFO = INCLUDE_SOURCE;
				MTL_FAST_MATH = YES;
				ONLY_ACTIVE_ARCH = YES;
				SDKROOT = iphoneos;
			};
			name = Debug;
		};
		A82A75CA2566659C000DD963 /* Release */ = {
			isa = XCBuildConfiguration;
			buildSettings = {
				ALWAYS_SEARCH_USER_PATHS = NO;
				CLANG_ANALYZER_NONNULL = YES;
				CLANG_ANALYZER_NUMBER_OBJECT_CONVERSION = YES_AGGRESSIVE;
				CLANG_CXX_LANGUAGE_STANDARD = "gnu++14";
				CLANG_CXX_LIBRARY = "libc++";
				CLANG_ENABLE_MODULES = YES;
				CLANG_ENABLE_OBJC_ARC = YES;
				CLANG_ENABLE_OBJC_WEAK = YES;
				CLANG_WARN_BLOCK_CAPTURE_AUTORELEASING = YES;
				CLANG_WARN_BOOL_CONVERSION = YES;
				CLANG_WARN_COMMA = YES;
				CLANG_WARN_CONSTANT_CONVERSION = YES;
				CLANG_WARN_DEPRECATED_OBJC_IMPLEMENTATIONS = YES;
				CLANG_WARN_DIRECT_OBJC_ISA_USAGE = YES_ERROR;
				CLANG_WARN_DOCUMENTATION_COMMENTS = YES;
				CLANG_WARN_EMPTY_BODY = YES;
				CLANG_WARN_ENUM_CONVERSION = YES;
				CLANG_WARN_INFINITE_RECURSION = YES;
				CLANG_WARN_INT_CONVERSION = YES;
				CLANG_WARN_NON_LITERAL_NULL_CONVERSION = YES;
				CLANG_WARN_OBJC_IMPLICIT_RETAIN_SELF = YES;
				CLANG_WARN_OBJC_LITERAL_CONVERSION = YES;
				CLANG_WARN_OBJC_ROOT_CLASS = YES_ERROR;
				CLANG_WARN_QUOTED_INCLUDE_IN_FRAMEWORK_HEADER = YES;
				CLANG_WARN_RANGE_LOOP_ANALYSIS = YES;
				CLANG_WARN_STRICT_PROTOTYPES = YES;
				CLANG_WARN_SUSPICIOUS_MOVE = YES;
				CLANG_WARN_UNGUARDED_AVAILABILITY = YES_AGGRESSIVE;
				CLANG_WARN_UNREACHABLE_CODE = YES;
				CLANG_WARN__DUPLICATE_METHOD_MATCH = YES;
				COPY_PHASE_STRIP = NO;
				DEBUG_INFORMATION_FORMAT = "dwarf-with-dsym";
				ENABLE_BITCODE = NO;
				ENABLE_NS_ASSERTIONS = NO;
				ENABLE_STRICT_OBJC_MSGSEND = YES;
				GCC_C_LANGUAGE_STANDARD = gnu11;
				GCC_NO_COMMON_BLOCKS = YES;
				GCC_WARN_64_TO_32_BIT_CONVERSION = YES;
				GCC_WARN_ABOUT_RETURN_TYPE = YES_ERROR;
				GCC_WARN_UNDECLARED_SELECTOR = YES;
				GCC_WARN_UNINITIALIZED_AUTOS = YES_AGGRESSIVE;
				GCC_WARN_UNUSED_FUNCTION = YES;
				GCC_WARN_UNUSED_VARIABLE = YES;
				IPHONEOS_DEPLOYMENT_TARGET = 9.0;
				MTL_ENABLE_DEBUG_INFO = NO;
				MTL_FAST_MATH = YES;
				SDKROOT = iphoneos;
				VALIDATE_PRODUCT = YES;
			};
			name = Release;
		};
		A82A75CC2566659C000DD963 /* Debug */ = {
			isa = XCBuildConfiguration;
			buildSettings = {
				ASSETCATALOG_COMPILER_APPICON_NAME = AppIcon;
				ASSETCATALOG_COMPILER_GLOBAL_ACCENT_COLOR_NAME = AccentColor;
				CODE_SIGN_STYLE = Automatic;
				DEVELOPMENT_TEAM = M6UWNQYZ59;
				ENABLE_BITCODE = NO;
				FRAMEWORK_SEARCH_PATHS = (
					"$(inherited)",
					"$(PROJECT_DIR)/finclip_test_demo",
					"$(PROJECT_DIR)/finclip_test_demo/Vendor/FinApplet",
				);
				INFOPLIST_FILE = finclip_test_demo/Info.plist;
				LD_RUNPATH_SEARCH_PATHS = (
					"$(inherited)",
					"@executable_path/Frameworks",
				);
				PRODUCT_BUNDLE_IDENTIFIER = com.finogeeks.testdemo;
				PRODUCT_NAME = "$(TARGET_NAME)";
				TARGETED_DEVICE_FAMILY = "1,2";
			};
			name = Debug;
		};
		A82A75CD2566659C000DD963 /* Release */ = {
			isa = XCBuildConfiguration;
			buildSettings = {
				ASSETCATALOG_COMPILER_APPICON_NAME = AppIcon;
				ASSETCATALOG_COMPILER_GLOBAL_ACCENT_COLOR_NAME = AccentColor;
				CODE_SIGN_IDENTITY = "iPhone Distribution";
				CODE_SIGN_STYLE = Manual;
				DEVELOPMENT_TEAM = 9QCKYFU5M4;
				ENABLE_BITCODE = NO;
				FRAMEWORK_SEARCH_PATHS = (
					"$(inherited)",
					"$(PROJECT_DIR)/finclip_test_demo",
					"$(PROJECT_DIR)/finclip_test_demo/Vendor/FinApplet",
				);
				INFOPLIST_FILE = finclip_test_demo/Info.plist;
				LD_RUNPATH_SEARCH_PATHS = (
					"$(inherited)",
					"@executable_path/Frameworks",
				);
				PRODUCT_BUNDLE_IDENTIFIER = com.finogeeks.testdemo;
				PRODUCT_NAME = "$(TARGET_NAME)";
				PROVISIONING_PROFILE_SPECIFIER = testdemo_adhoc;
				TARGETED_DEVICE_FAMILY = "1,2";
			};
			name = Release;
		};
/* End XCBuildConfiguration section */

/* Begin XCConfigurationList section */
		A82A75AD2566659A000DD963 /* Build configuration list for PBXProject "finclip_test_demo" */ = {
			isa = XCConfigurationList;
			buildConfigurations = (
				A82A75C92566659C000DD963 /* Debug */,
				A82A75CA2566659C000DD963 /* Release */,
			);
			defaultConfigurationIsVisible = 0;
			defaultConfigurationName = Release;
		};
		A82A75CB2566659C000DD963 /* Build configuration list for PBXNativeTarget "finclip_test_demo" */ = {
			isa = XCConfigurationList;
			buildConfigurations = (
				A82A75CC2566659C000DD963 /* Debug */,
				A82A75CD2566659C000DD963 /* Release */,
			);
			defaultConfigurationIsVisible = 0;
			defaultConfigurationName = Release;
		};
/* End XCConfigurationList section */
	};
	rootObject = A82A75AA2566659A000DD963 /* Project object */;
}
